
Microsoft Visual Studio Solution File, Format Version 12.00
# Visual Studio 2012
Project("{F184B08F-C81C-45F6-A57F-5ABD9991F28F}") = "KhaltshaHardwareStore", "KhaltshaHardwareStore\KhaltshaHardwareStore.vbproj", "{2883C3CB-CE82-4181-BCD0-4F740DC8BE0B}"
EndProject
Global
	GlobalSection(SolutionConfigurationPlatforms) = preSolution
		Debug|Any CPU = Debug|Any CPU
		Release|Any CPU = Release|Any CPU
	EndGlobalSection
	GlobalSection(ProjectConfigurationPlatforms) = postSolution
		{2883C3CB-CE82-4181-BCD0-4F740DC8BE0B}.Debug|Any CPU.ActiveCfg = Debug|Any CPU
		{2883C3CB-CE82-4181-BCD0-4F740DC8BE0B}.Debug|Any CPU.Build.0 = Debug|Any CPU
		{2883C3CB-CE82-4181-BCD0-4F740DC8BE0B}.Release|Any CPU.ActiveCfg = Release|Any CPU
		{2883C3CB-CE82-4181-BCD0-4F740DC8BE0B}.Release|Any CPU.Build.0 = Release|Any CPU
	EndGlobalSection
	GlobalSection(SolutionProperties) = preSolution
		HideSolutionNode = FALSE
	EndGlobalSection
EndGlobal
